dependencies:
- name: postgresql
  repository: https://charts.bitnami.com/bitnami
  version: 12.10.0
- name: external-dns
  repository: https://charts.bitnami.com/bitnami
  version: 6.14.3
- name: jwks
  repository: https://lab.weave.nl/api/v4/projects/544/packages/helm/stable
  version: 1.0.0
- name: redis
  repository: https://charts.bitnami.com/bitnami
  version: 17.8.4
- name: nginx
  repository: https://charts.bitnami.com/bitnami
  version: 13.2.29
digest: sha256:5e4df470f57bd456d2bbbeb714c65307cf2512a21e0fd21b884c313a8a4ba664
generated: "2023-10-19T12:05:56.472725+02:00"
